
Microsoft Visual Studio Solution File, Format Version 12.00
# Visual Studio Version 16
VisualStudioVersion = 16.0.29123.88
MinimumVisualStudioVersion = 10.0.40219.1
Project("{FAE04EC0-301F-11D3-BF4B-00C04F79EFBC}") = "ServEx01", "ServEx01\ServEx01.csproj", "{568E5AFD-CB19-4CCA-BB4D-5966C54EC3B2}"
EndProject
Project("{FAE04EC0-301F-11D3-BF4B-00C04F79EFBC}") = "ServEx02", "ServEx02\ServEx02.csproj", "{7432F8F1-E01E-44BA-A1C2-6749E8445C08}"
EndProject
Project("{FAE04EC0-301F-11D3-BF4B-00C04F79EFBC}") = "ServEx03", "ServEx03\ServEx03.csproj", "{C07BE3BD-DB5F-4633-8E48-6D03FD289DD5}"
EndProject
Project("{FAE04EC0-301F-11D3-BF4B-00C04F79EFBC}") = "ServEx04", "ServEx04\ServEx04.csproj", "{F12526A5-35F1-4B96-BB89-AF91AC5D2189}"
EndProject
Project("{FAE04EC0-301F-11D3-BF4B-00C04F79EFBC}") = "ServEx05", "ServEx05\ServEx05.csproj", "{EA105C18-1D92-4A7F-A64E-8846192262C6}"
EndProject
Project("{FAE04EC0-301F-11D3-BF4B-00C04F79EFBC}") = "ServEx06", "ServEx06\ServEx06.csproj", "{AD78EF18-3B67-4251-9B5E-1A0C2746A26F}"
EndProject
Global
	GlobalSection(SolutionConfigurationPlatforms) = preSolution
		Debug|Any CPU = Debug|Any CPU
		Release|Any CPU = Release|Any CPU
	EndGlobalSection
	GlobalSection(ProjectConfigurationPlatforms) = postSolution
		{568E5AFD-CB19-4CCA-BB4D-5966C54EC3B2}.Debug|Any CPU.ActiveCfg = Debug|Any CPU
		{568E5AFD-CB19-4CCA-BB4D-5966C54EC3B2}.Debug|Any CPU.Build.0 = Debug|Any CPU
		{568E5AFD-CB19-4CCA-BB4D-5966C54EC3B2}.Release|Any CPU.ActiveCfg = Release|Any CPU
		{568E5AFD-CB19-4CCA-BB4D-5966C54EC3B2}.Release|Any CPU.Build.0 = Release|Any CPU
		{7432F8F1-E01E-44BA-A1C2-6749E8445C08}.Debug|Any CPU.ActiveCfg = Debug|Any CPU
		{7432F8F1-E01E-44BA-A1C2-6749E8445C08}.Debug|Any CPU.Build.0 = Debug|Any CPU
		{7432F8F1-E01E-44BA-A1C2-6749E8445C08}.Release|Any CPU.ActiveCfg = Release|Any CPU
		{7432F8F1-E01E-44BA-A1C2-6749E8445C08}.Release|Any CPU.Build.0 = Release|Any CPU
		{C07BE3BD-DB5F-4633-8E48-6D03FD289DD5}.Debug|Any CPU.ActiveCfg = Debug|Any CPU
		{C07BE3BD-DB5F-4633-8E48-6D03FD289DD5}.Debug|Any CPU.Build.0 = Debug|Any CPU
		{C07BE3BD-DB5F-4633-8E48-6D03FD289DD5}.Release|Any CPU.ActiveCfg = Release|Any CPU
		{C07BE3BD-DB5F-4633-8E48-6D03FD289DD5}.Release|Any CPU.Build.0 = Release|Any CPU
		{F12526A5-35F1-4B96-BB89-AF91AC5D2189}.Debug|Any CPU.ActiveCfg = Debug|Any CPU
		{F12526A5-35F1-4B96-BB89-AF91AC5D2189}.Debug|Any CPU.Build.0 = Debug|Any CPU
		{F12526A5-35F1-4B96-BB89-AF91AC5D2189}.Release|Any CPU.ActiveCfg = Release|Any CPU
		{F12526A5-35F1-4B96-BB89-AF91AC5D2189}.Release|Any CPU.Build.0 = Release|Any CPU
		{EA105C18-1D92-4A7F-A64E-8846192262C6}.Debug|Any CPU.ActiveCfg = Debug|Any CPU
		{EA105C18-1D92-4A7F-A64E-8846192262C6}.Debug|Any CPU.Build.0 = Debug|Any CPU
		{EA105C18-1D92-4A7F-A64E-8846192262C6}.Release|Any CPU.ActiveCfg = Release|Any CPU
		{EA105C18-1D92-4A7F-A64E-8846192262C6}.Release|Any CPU.Build.0 = Release|Any CPU
		{AD78EF18-3B67-4251-9B5E-1A0C2746A26F}.Debug|Any CPU.ActiveCfg = Debug|Any CPU
		{AD78EF18-3B67-4251-9B5E-1A0C2746A26F}.Debug|Any CPU.Build.0 = Debug|Any CPU
		{AD78EF18-3B67-4251-9B5E-1A0C2746A26F}.Release|Any CPU.ActiveCfg = Release|Any CPU
		{AD78EF18-3B67-4251-9B5E-1A0C2746A26F}.Release|Any CPU.Build.0 = Release|Any CPU
	EndGlobalSection
	GlobalSection(SolutionProperties) = preSolution
		HideSolutionNode = FALSE
	EndGlobalSection
	GlobalSection(ExtensibilityGlobals) = postSolution
		SolutionGuid = {AC273F5D-AAE0-48F8-B521-ABF03F4A6725}
	EndGlobalSection
EndGlobal
