
Microsoft Visual Studio Solution File, Format Version 12.00
# Visual Studio Version 16
VisualStudioVersion = 16.0.29123.88
MinimumVisualStudioVersion = 10.0.40219.1
Project("{FAE04EC0-301F-11D3-BF4B-00C04F79EFBC}") = "Ejercicio2NT", "Ejercicio2NT\Ejercicio2NT.csproj", "{B410A695-DEC1-4671-A01D-0FDD50AA8753}"
EndProject
Global
	GlobalSection(SolutionConfigurationPlatforms) = preSolution
		Debug|Any CPU = Debug|Any CPU
		Release|Any CPU = Release|Any CPU
	EndGlobalSection
	GlobalSection(ProjectConfigurationPlatforms) = postSolution
		{B410A695-DEC1-4671-A01D-0FDD50AA8753}.Debug|Any CPU.ActiveCfg = Debug|Any CPU
		{B410A695-DEC1-4671-A01D-0FDD50AA8753}.Debug|Any CPU.Build.0 = Debug|Any CPU
		{B410A695-DEC1-4671-A01D-0FDD50AA8753}.Release|Any CPU.ActiveCfg = Release|Any CPU
		{B410A695-DEC1-4671-A01D-0FDD50AA8753}.Release|Any CPU.Build.0 = Release|Any CPU
	EndGlobalSection
	GlobalSection(SolutionProperties) = preSolution
		HideSolutionNode = FALSE
	EndGlobalSection
	GlobalSection(ExtensibilityGlobals) = postSolution
		SolutionGuid = {A01F931C-494C-4400-8257-EE6CC17C2DF6}
	EndGlobalSection
EndGlobal
