
Microsoft Visual Studio Solution File, Format Version 12.00
# Visual Studio Version 16
VisualStudioVersion = 16.0.29123.88
MinimumVisualStudioVersion = 10.0.40219.1
Project("{FAE04EC0-301F-11D3-BF4B-00C04F79EFBC}") = "Editor Texto (Ej7)", "Editor Texto (Ej7)\Editor Texto (Ej7).csproj", "{BBFC56C1-B03F-4945-9CC4-6A55F1D1BBAE}"
EndProject
Global
	GlobalSection(SolutionConfigurationPlatforms) = preSolution
		Debug|Any CPU = Debug|Any CPU
		Release|Any CPU = Release|Any CPU
	EndGlobalSection
	GlobalSection(ProjectConfigurationPlatforms) = postSolution
		{BBFC56C1-B03F-4945-9CC4-6A55F1D1BBAE}.Debug|Any CPU.ActiveCfg = Debug|Any CPU
		{BBFC56C1-B03F-4945-9CC4-6A55F1D1BBAE}.Debug|Any CPU.Build.0 = Debug|Any CPU
		{BBFC56C1-B03F-4945-9CC4-6A55F1D1BBAE}.Release|Any CPU.ActiveCfg = Release|Any CPU
		{BBFC56C1-B03F-4945-9CC4-6A55F1D1BBAE}.Release|Any CPU.Build.0 = Release|Any CPU
	EndGlobalSection
	GlobalSection(SolutionProperties) = preSolution
		HideSolutionNode = FALSE
	EndGlobalSection
	GlobalSection(ExtensibilityGlobals) = postSolution
		SolutionGuid = {7DF34CF5-77BF-4FE3-B039-56028A7DC3BD}
	EndGlobalSection
EndGlobal
