
Microsoft Visual Studio Solution File, Format Version 12.00
# Visual Studio Version 16
VisualStudioVersion = 16.0.29123.88
MinimumVisualStudioVersion = 10.0.40219.1
Project("{FAE04EC0-301F-11D3-BF4B-00C04F79EFBC}") = "Pruebas", "Pruebas\Pruebas.csproj", "{C3A4CE08-1C12-43EC-B454-CF000C7428F8}"
EndProject
Project("{FAE04EC0-301F-11D3-BF4B-00C04F79EFBC}") = "PruebasCliente", "PruebasCliente\PruebasCliente.csproj", "{DB571FD7-3FF5-406C-9AA6-28358F65CB1A}"
EndProject
Project("{FAE04EC0-301F-11D3-BF4B-00C04F79EFBC}") = "ServEx01Servidor", "ServEx01Servidor\ServEx01Servidor.csproj", "{438061FF-174B-47E2-B8A6-850F97FBF54E}"
EndProject
Project("{FAE04EC0-301F-11D3-BF4B-00C04F79EFBC}") = "ServEx01Cliente", "ServEx01Cliente\ServEx01Cliente.csproj", "{95154E86-B025-477A-AA48-E8747AFC3E5E}"
EndProject
Project("{FAE04EC0-301F-11D3-BF4B-00C04F79EFBC}") = "ServEx02Servidor", "ServEx02Servidor\ServEx02Servidor.csproj", "{583A74B6-22B9-49FB-9B18-2E6F6924C421}"
EndProject
Project("{FAE04EC0-301F-11D3-BF4B-00C04F79EFBC}") = "ServEx03Servidor", "ServEx03Servidor\ServEx03Servidor.csproj", "{97852911-887B-4279-AE2C-6B2272A7CA6C}"
EndProject
Global
	GlobalSection(SolutionConfigurationPlatforms) = preSolution
		Debug|Any CPU = Debug|Any CPU
		Release|Any CPU = Release|Any CPU
	EndGlobalSection
	GlobalSection(ProjectConfigurationPlatforms) = postSolution
		{C3A4CE08-1C12-43EC-B454-CF000C7428F8}.Debug|Any CPU.ActiveCfg = Debug|Any CPU
		{C3A4CE08-1C12-43EC-B454-CF000C7428F8}.Debug|Any CPU.Build.0 = Debug|Any CPU
		{C3A4CE08-1C12-43EC-B454-CF000C7428F8}.Release|Any CPU.ActiveCfg = Release|Any CPU
		{C3A4CE08-1C12-43EC-B454-CF000C7428F8}.Release|Any CPU.Build.0 = Release|Any CPU
		{DB571FD7-3FF5-406C-9AA6-28358F65CB1A}.Debug|Any CPU.ActiveCfg = Debug|Any CPU
		{DB571FD7-3FF5-406C-9AA6-28358F65CB1A}.Debug|Any CPU.Build.0 = Debug|Any CPU
		{DB571FD7-3FF5-406C-9AA6-28358F65CB1A}.Release|Any CPU.ActiveCfg = Release|Any CPU
		{DB571FD7-3FF5-406C-9AA6-28358F65CB1A}.Release|Any CPU.Build.0 = Release|Any CPU
		{438061FF-174B-47E2-B8A6-850F97FBF54E}.Debug|Any CPU.ActiveCfg = Debug|Any CPU
		{438061FF-174B-47E2-B8A6-850F97FBF54E}.Debug|Any CPU.Build.0 = Debug|Any CPU
		{438061FF-174B-47E2-B8A6-850F97FBF54E}.Release|Any CPU.ActiveCfg = Release|Any CPU
		{438061FF-174B-47E2-B8A6-850F97FBF54E}.Release|Any CPU.Build.0 = Release|Any CPU
		{95154E86-B025-477A-AA48-E8747AFC3E5E}.Debug|Any CPU.ActiveCfg = Debug|Any CPU
		{95154E86-B025-477A-AA48-E8747AFC3E5E}.Debug|Any CPU.Build.0 = Debug|Any CPU
		{95154E86-B025-477A-AA48-E8747AFC3E5E}.Release|Any CPU.ActiveCfg = Release|Any CPU
		{95154E86-B025-477A-AA48-E8747AFC3E5E}.Release|Any CPU.Build.0 = Release|Any CPU
		{583A74B6-22B9-49FB-9B18-2E6F6924C421}.Debug|Any CPU.ActiveCfg = Debug|Any CPU
		{583A74B6-22B9-49FB-9B18-2E6F6924C421}.Debug|Any CPU.Build.0 = Debug|Any CPU
		{583A74B6-22B9-49FB-9B18-2E6F6924C421}.Release|Any CPU.ActiveCfg = Release|Any CPU
		{583A74B6-22B9-49FB-9B18-2E6F6924C421}.Release|Any CPU.Build.0 = Release|Any CPU
		{97852911-887B-4279-AE2C-6B2272A7CA6C}.Debug|Any CPU.ActiveCfg = Debug|Any CPU
		{97852911-887B-4279-AE2C-6B2272A7CA6C}.Debug|Any CPU.Build.0 = Debug|Any CPU
		{97852911-887B-4279-AE2C-6B2272A7CA6C}.Release|Any CPU.ActiveCfg = Release|Any CPU
		{97852911-887B-4279-AE2C-6B2272A7CA6C}.Release|Any CPU.Build.0 = Release|Any CPU
	EndGlobalSection
	GlobalSection(SolutionProperties) = preSolution
		HideSolutionNode = FALSE
	EndGlobalSection
	GlobalSection(ExtensibilityGlobals) = postSolution
		SolutionGuid = {83D5CE47-AB8D-49FB-A657-7367B2EF6C1B}
	EndGlobalSection
EndGlobal
