
Microsoft Visual Studio Solution File, Format Version 12.00
# Visual Studio Version 16
VisualStudioVersion = 16.0.29123.88
MinimumVisualStudioVersion = 10.0.40219.1
Project("{FAE04EC0-301F-11D3-BF4B-00C04F79EFBC}") = "DI_Tema6", "DI_Tema6\DI_Tema6.csproj", "{60DA2262-00DD-4E31-8D72-EC2A768F3530}"
EndProject
Global
	GlobalSection(SolutionConfigurationPlatforms) = preSolution
		Debug|Any CPU = Debug|Any CPU
		Release|Any CPU = Release|Any CPU
	EndGlobalSection
	GlobalSection(ProjectConfigurationPlatforms) = postSolution
		{60DA2262-00DD-4E31-8D72-EC2A768F3530}.Debug|Any CPU.ActiveCfg = Debug|Any CPU
		{60DA2262-00DD-4E31-8D72-EC2A768F3530}.Debug|Any CPU.Build.0 = Debug|Any CPU
		{60DA2262-00DD-4E31-8D72-EC2A768F3530}.Release|Any CPU.ActiveCfg = Release|Any CPU
		{60DA2262-00DD-4E31-8D72-EC2A768F3530}.Release|Any CPU.Build.0 = Release|Any CPU
	EndGlobalSection
	GlobalSection(SolutionProperties) = preSolution
		HideSolutionNode = FALSE
	EndGlobalSection
	GlobalSection(ExtensibilityGlobals) = postSolution
		SolutionGuid = {6DD2618E-FFC1-4D08-8CB3-92BE49843239}
	EndGlobalSection
EndGlobal
