
Microsoft Visual Studio Solution File, Format Version 12.00
# Visual Studio Version 16
VisualStudioVersion = 16.0.29123.88
MinimumVisualStudioVersion = 10.0.40219.1
Project("{FAE04EC0-301F-11D3-BF4B-00C04F79EFBC}") = "WindowsFormsTest2", "WindowsFormsTest2\WindowsFormsTest2.csproj", "{C8E4DEA8-121F-4D40-A458-B66239DE6B62}"
EndProject
Global
	GlobalSection(SolutionConfigurationPlatforms) = preSolution
		Debug|Any CPU = Debug|Any CPU
		Release|Any CPU = Release|Any CPU
	EndGlobalSection
	GlobalSection(ProjectConfigurationPlatforms) = postSolution
		{C8E4DEA8-121F-4D40-A458-B66239DE6B62}.Debug|Any CPU.ActiveCfg = Debug|Any CPU
		{C8E4DEA8-121F-4D40-A458-B66239DE6B62}.Debug|Any CPU.Build.0 = Debug|Any CPU
		{C8E4DEA8-121F-4D40-A458-B66239DE6B62}.Release|Any CPU.ActiveCfg = Release|Any CPU
		{C8E4DEA8-121F-4D40-A458-B66239DE6B62}.Release|Any CPU.Build.0 = Release|Any CPU
	EndGlobalSection
	GlobalSection(SolutionProperties) = preSolution
		HideSolutionNode = FALSE
	EndGlobalSection
	GlobalSection(ExtensibilityGlobals) = postSolution
		SolutionGuid = {F4316116-BE79-4223-9E46-39CF8F7728E1}
	EndGlobalSection
EndGlobal
