
Microsoft Visual Studio Solution File, Format Version 12.00
# Visual Studio Version 16
VisualStudioVersion = 16.0.29123.88
MinimumVisualStudioVersion = 10.0.40219.1
Project("{FAE04EC0-301F-11D3-BF4B-00C04F79EFBC}") = "Tema3_Ej2", "Tema3_Ej2\Tema3_Ej2.csproj", "{A68D720A-12F6-4ED6-BD03-868A5D53AD89}"
EndProject
Global
	GlobalSection(SolutionConfigurationPlatforms) = preSolution
		Debug|Any CPU = Debug|Any CPU
		Release|Any CPU = Release|Any CPU
	EndGlobalSection
	GlobalSection(ProjectConfigurationPlatforms) = postSolution
		{A68D720A-12F6-4ED6-BD03-868A5D53AD89}.Debug|Any CPU.ActiveCfg = Debug|Any CPU
		{A68D720A-12F6-4ED6-BD03-868A5D53AD89}.Debug|Any CPU.Build.0 = Debug|Any CPU
		{A68D720A-12F6-4ED6-BD03-868A5D53AD89}.Release|Any CPU.ActiveCfg = Release|Any CPU
		{A68D720A-12F6-4ED6-BD03-868A5D53AD89}.Release|Any CPU.Build.0 = Release|Any CPU
	EndGlobalSection
	GlobalSection(SolutionProperties) = preSolution
		HideSolutionNode = FALSE
	EndGlobalSection
	GlobalSection(ExtensibilityGlobals) = postSolution
		SolutionGuid = {F29F2890-9446-4203-9096-BEA6F7026AC0}
	EndGlobalSection
EndGlobal
